// !$*UTF8*$!
{
	archiveVersion = 1;
	classes = {
	};
	objectVersion = 46;
	objects = {

/* Begin PBXBuildFile section */
		6962256618204B9600C48EDD /* Foundation.framework in Frameworks */ = {isa = PBXBuildFile; fileRef = 6962256518204B9600C48EDD /* Foundation.framework */; };
		6962256818204B9600C48EDD /* CoreGraphics.framework in Frameworks */ = {isa = PBXBuildFile; fileRef = 6962256718204B9600C48EDD /* CoreGraphics.framework */; };
		6962256A18204B9600C48EDD /* UIKit.framework in Frameworks */ = {isa = PBXBuildFile; fileRef = 6962256918204B9600C48EDD /* UIKit.framework */; };
		6962256C18204B9600C48EDD /* CoreData.framework in Frameworks */ = {isa = PBXBuildFile; fileRef = 6962256B18204B9600C48EDD /* CoreData.framework */; };
		6962257218204B9600C48EDD /* InfoPlist.strings in Resources */ = {isa = PBXBuildFile; fileRef = 6962257018204B9600C48EDD /* InfoPlist.strings */; };
		6962257418204B9600C48EDD /* main.m in Sources */ = {isa = PBXBuildFile; fileRef = 6962257318204B9600C48EDD /* main.m */; };
		6962257818204B9600C48EDD /* AppDelegate.m in Sources */ = {isa = PBXBuildFile; fileRef = 6962257718204B9600C48EDD /* AppDelegate.m */; };
		6962257B18204B9600C48EDD /* Main.storyboard in Resources */ = {isa = PBXBuildFile; fileRef = 6962257918204B9600C48EDD /* Main.storyboard */; };
		6962257E18204B9600C48EDD /* Nemo.xcdatamodeld in Sources */ = {isa = PBXBuildFile; fileRef = 6962257C18204B9600C48EDD /* Nemo.xcdatamodeld */; };
		6962258118204B9600C48EDD /* NotesViewController.m in Sources */ = {isa = PBXBuildFile; fileRef = 6962258018204B9600C48EDD /* NotesViewController.m */; };
		6962258618204B9600C48EDD /* Images.xcassets in Resources */ = {isa = PBXBuildFile; fileRef = 6962258518204B9600C48EDD /* Images.xcassets */; };
		6962258D18204B9600C48EDD /* XCTest.framework in Frameworks */ = {isa = PBXBuildFile; fileRef = 6962258C18204B9600C48EDD /* XCTest.framework */; };
		6962258E18204B9600C48EDD /* Foundation.framework in Frameworks */ = {isa = PBXBuildFile; fileRef = 6962256518204B9600C48EDD /* Foundation.framework */; };
		6962258F18204B9600C48EDD /* UIKit.framework in Frameworks */ = {isa = PBXBuildFile; fileRef = 6962256918204B9600C48EDD /* UIKit.framework */; };
		6962259018204B9600C48EDD /* CoreData.framework in Frameworks */ = {isa = PBXBuildFile; fileRef = 6962256B18204B9600C48EDD /* CoreData.framework */; };
		6962259818204B9600C48EDD /* InfoPlist.strings in Resources */ = {isa = PBXBuildFile; fileRef = 6962259618204B9600C48EDD /* InfoPlist.strings */; };
		6962259A18204B9600C48EDD /* NemoTests.m in Sources */ = {isa = PBXBuildFile; fileRef = 6962259918204B9600C48EDD /* NemoTests.m */; };
		696225A518204F6200C48EDD /* README.txt in Resources */ = {isa = PBXBuildFile; fileRef = 696225A418204F6200C48EDD /* README.txt */; };
		696225A818204F8B00C48EDD /* Cell+SpecialCaseBorders.m in Sources */ = {isa = PBXBuildFile; fileRef = 696225A718204F8B00C48EDD /* Cell+SpecialCaseBorders.m */; };
		696225B918204FCB00C48EDD /* NSDate+DateRange.m in Sources */ = {isa = PBXBuildFile; fileRef = 696225AB18204FCB00C48EDD /* NSDate+DateRange.m */; };
		696225BA18204FCB00C48EDD /* NSDate+RelativeString.m in Sources */ = {isa = PBXBuildFile; fileRef = 696225AE18204FCB00C48EDD /* NSDate+RelativeString.m */; };
		696225BB18204FCB00C48EDD /* NSDate+TimeAgo.m in Sources */ = {isa = PBXBuildFile; fileRef = 696225B018204FCB00C48EDD /* NSDate+TimeAgo.m */; };
		696225BC18204FCB00C48EDD /* NSString+Extended.m in Sources */ = {isa = PBXBuildFile; fileRef = 696225B218204FCB00C48EDD /* NSString+Extended.m */; };
		696225BD18204FCB00C48EDD /* UIColor-Expanded.m in Sources */ = {isa = PBXBuildFile; fileRef = 696225B418204FCB00C48EDD /* UIColor-Expanded.m */; };
		696225BE18204FCB00C48EDD /* UITableViewCell+Borders.m in Sources */ = {isa = PBXBuildFile; fileRef = 696225B618204FCB00C48EDD /* UITableViewCell+Borders.m */; };
		696225BF18204FCB00C48EDD /* UIViewController+Helpers.m in Sources */ = {isa = PBXBuildFile; fileRef = 696225B818204FCB00C48EDD /* UIViewController+Helpers.m */; };
		696225C618204FEB00C48EDD /* Cell.m in Sources */ = {isa = PBXBuildFile; fileRef = 696225C118204FEB00C48EDD /* Cell.m */; };
		696225C718204FEB00C48EDD /* NoteCell.m in Sources */ = {isa = PBXBuildFile; fileRef = 696225C318204FEB00C48EDD /* NoteCell.m */; };
		696225C818204FEB00C48EDD /* TopCell.m in Sources */ = {isa = PBXBuildFile; fileRef = 696225C518204FEB00C48EDD /* TopCell.m */; };
		696225CC1820502A00C48EDD /* NSDateTimeAgo.bundle in Resources */ = {isa = PBXBuildFile; fileRef = 696225CB1820502A00C48EDD /* NSDateTimeAgo.bundle */; };
		696225D0182050AA00C48EDD /* UlyssesTextView.m in Sources */ = {isa = PBXBuildFile; fileRef = 696225CF182050AA00C48EDD /* UlyssesTextView.m */; };
		6962260E1820521D00C48EDD /* MagicalImportFunctions.m in Sources */ = {isa = PBXBuildFile; fileRef = 696225D61820521D00C48EDD /* MagicalImportFunctions.m */; };
		6962260F1820521D00C48EDD /* NSAttributeDescription+MagicalDataImport.m in Sources */ = {isa = PBXBuildFile; fileRef = 696225D81820521D00C48EDD /* NSAttributeDescription+MagicalDataImport.m */; };
		696226101820521D00C48EDD /* NSEntityDescription+MagicalDataImport.m in Sources */ = {isa = PBXBuildFile; fileRef = 696225DA1820521D00C48EDD /* NSEntityDescription+MagicalDataImport.m */; };
		696226111820521D00C48EDD /* NSNumber+MagicalDataImport.m in Sources */ = {isa = PBXBuildFile; fileRef = 696225DC1820521D00C48EDD /* NSNumber+MagicalDataImport.m */; };
		696226121820521D00C48EDD /* NSObject+MagicalDataImport.m in Sources */ = {isa = PBXBuildFile; fileRef = 696225DE1820521D00C48EDD /* NSObject+MagicalDataImport.m */; };
		696226131820521D00C48EDD /* NSRelationshipDescription+MagicalDataImport.m in Sources */ = {isa = PBXBuildFile; fileRef = 696225E01820521D00C48EDD /* NSRelationshipDescription+MagicalDataImport.m */; };
		696226141820521D00C48EDD /* NSString+MagicalDataImport.m in Sources */ = {isa = PBXBuildFile; fileRef = 696225E21820521D00C48EDD /* NSString+MagicalDataImport.m */; };
		696226151820521D00C48EDD /* NSManagedObject+MagicalAggregation.m in Sources */ = {isa = PBXBuildFile; fileRef = 696225E51820521D00C48EDD /* NSManagedObject+MagicalAggregation.m */; };
		696226161820521D00C48EDD /* NSManagedObject+MagicalDataImport.m in Sources */ = {isa = PBXBuildFile; fileRef = 696225E71820521D00C48EDD /* NSManagedObject+MagicalDataImport.m */; };
		696226171820521D00C48EDD /* NSManagedObject+MagicalFinders.m in Sources */ = {isa = PBXBuildFile; fileRef = 696225E91820521D00C48EDD /* NSManagedObject+MagicalFinders.m */; };
		696226181820521D00C48EDD /* NSManagedObject+MagicalRecord.m in Sources */ = {isa = PBXBuildFile; fileRef = 696225EB1820521D00C48EDD /* NSManagedObject+MagicalRecord.m */; };
		696226191820521D00C48EDD /* NSManagedObject+MagicalRequests.m in Sources */ = {isa = PBXBuildFile; fileRef = 696225ED1820521D00C48EDD /* NSManagedObject+MagicalRequests.m */; };
		6962261A1820521D00C48EDD /* NSManagedObjectContext+MagicalObserving.m in Sources */ = {isa = PBXBuildFile; fileRef = 696225F01820521D00C48EDD /* NSManagedObjectContext+MagicalObserving.m */; };
		6962261B1820521D00C48EDD /* NSManagedObjectContext+MagicalRecord.m in Sources */ = {isa = PBXBuildFile; fileRef = 696225F21820521D00C48EDD /* NSManagedObjectContext+MagicalRecord.m */; };
		6962261C1820521D00C48EDD /* NSManagedObjectContext+MagicalSaves.m in Sources */ = {isa = PBXBuildFile; fileRef = 696225F41820521D00C48EDD /* NSManagedObjectContext+MagicalSaves.m */; };
		6962261D1820521D00C48EDD /* NSManagedObjectContext+MagicalThreading.m in Sources */ = {isa = PBXBuildFile; fileRef = 696225F61820521D00C48EDD /* NSManagedObjectContext+MagicalThreading.m */; };
		6962261E1820521D00C48EDD /* NSManagedObjectModel+MagicalRecord.m in Sources */ = {isa = PBXBuildFile; fileRef = 696225F81820521D00C48EDD /* NSManagedObjectModel+MagicalRecord.m */; };
		6962261F1820521D00C48EDD /* NSPersistentStore+MagicalRecord.m in Sources */ = {isa = PBXBuildFile; fileRef = 696225FA1820521D00C48EDD /* NSPersistentStore+MagicalRecord.m */; };
		696226201820521D00C48EDD /* NSPersistentStoreCoordinator+MagicalRecord.m in Sources */ = {isa = PBXBuildFile; fileRef = 696225FC1820521D00C48EDD /* NSPersistentStoreCoordinator+MagicalRecord.m */; };
		696226211820521D00C48EDD /* MagicalRecord+Actions.m in Sources */ = {isa = PBXBuildFile; fileRef = 696225FF1820521D00C48EDD /* MagicalRecord+Actions.m */; };
		696226221820521D00C48EDD /* MagicalRecord+ErrorHandling.m in Sources */ = {isa = PBXBuildFile; fileRef = 696226011820521D00C48EDD /* MagicalRecord+ErrorHandling.m */; };
		696226231820521D00C48EDD /* MagicalRecord+iCloud.m in Sources */ = {isa = PBXBuildFile; fileRef = 696226031820521D00C48EDD /* MagicalRecord+iCloud.m */; };
		696226241820521D00C48EDD /* MagicalRecord+Options.m in Sources */ = {isa = PBXBuildFile; fileRef = 696226051820521D00C48EDD /* MagicalRecord+Options.m */; };
		696226251820521D00C48EDD /* MagicalRecord+Setup.m in Sources */ = {isa = PBXBuildFile; fileRef = 696226071820521D00C48EDD /* MagicalRecord+Setup.m */; };
		696226261820521D00C48EDD /* MagicalRecord+ShorthandSupport.m in Sources */ = {isa = PBXBuildFile; fileRef = 696226091820521D00C48EDD /* MagicalRecord+ShorthandSupport.m */; };
		696226271820521D00C48EDD /* MagicalRecord.m in Sources */ = {isa = PBXBuildFile; fileRef = 6962260B1820521D00C48EDD /* MagicalRecord.m */; };
		6962262A1820522800C48EDD /* Note+Section.m in Sources */ = {isa = PBXBuildFile; fileRef = 696226291820522800C48EDD /* Note+Section.m */; };
		6962267A1820546200C48EDD /* DetailViewController.m in Sources */ = {isa = PBXBuildFile; fileRef = 696226791820546200C48EDD /* DetailViewController.m */; };
		6962267D18205DDC00C48EDD /* Note.m in Sources */ = {isa = PBXBuildFile; fileRef = 6962267C18205DDC00C48EDD /* Note.m */; };
/* End PBXBuildFile section */

/* Begin PBXContainerItemProxy section */
		6962259118204B9600C48EDD /* PBXContainerItemProxy */ = {
			isa = PBXContainerItemProxy;
			containerPortal = 6962255A18204B9600C48EDD /* Project object */;
			proxyType = 1;
			remoteGlobalIDString = 6962256118204B9600C48EDD;
			remoteInfo = Nemo;
		};
/* End PBXContainerItemProxy section */

/* Begin PBXFileReference section */
		6962256218204B9600C48EDD /* Nemo.app */ = {isa = PBXFileReference; explicitFileType = wrapper.application; includeInIndex = 0; path = Nemo.app; sourceTree = BUILT_PRODUCTS_DIR; };
		6962256518204B9600C48EDD /* Foundation.framework */ = {isa = PBXFileReference; lastKnownFileType = wrapper.framework; name = Foundation.framework; path = System/Library/Frameworks/Foundation.framework; sourceTree = SDKROOT; };
		6962256718204B9600C48EDD /* CoreGraphics.framework */ = {isa = PBXFileReference; lastKnownFileType = wrapper.framework; name = CoreGraphics.framework; path = System/Library/Frameworks/CoreGraphics.framework; sourceTree = SDKROOT; };
		6962256918204B9600C48EDD /* UIKit.framework */ = {isa = PBXFileReference; lastKnownFileType = wrapper.framework; name = UIKit.framework; path = System/Library/Frameworks/UIKit.framework; sourceTree = SDKROOT; };
		6962256B18204B9600C48EDD /* CoreData.framework */ = {isa = PBXFileReference; lastKnownFileType = wrapper.framework; name = CoreData.framework; path = System/Library/Frameworks/CoreData.framework; sourceTree = SDKROOT; };
		6962256F18204B9600C48EDD /* Nemo-Info.plist */ = {isa = PBXFileReference; lastKnownFileType = text.plist.xml; path = "Nemo-Info.plist"; sourceTree = "<group>"; };
		6962257118204B9600C48EDD /* en */ = {isa = PBXFileReference; lastKnownFileType = text.plist.strings; name = en; path = en.lproj/InfoPlist.strings; sourceTree = "<group>"; };
		6962257318204B9600C48EDD /* main.m */ = {isa = PBXFileReference; lastKnownFileType = sourcecode.c.objc; path = main.m; sourceTree = "<group>"; };
		6962257518204B9600C48EDD /* Nemo-Prefix.pch */ = {isa = PBXFileReference; lastKnownFileType = sourcecode.c.h; path = "Nemo-Prefix.pch"; sourceTree = "<group>"; };
		6962257618204B9600C48EDD /* AppDelegate.h */ = {isa = PBXFileReference; lastKnownFileType = sourcecode.c.h; path = AppDelegate.h; sourceTree = "<group>"; };
		6962257718204B9600C48EDD /* AppDelegate.m */ = {isa = PBXFileReference; lastKnownFileType = sourcecode.c.objc; path = AppDelegate.m; sourceTree = "<group>"; };
		6962257A18204B9600C48EDD /* Base */ = {isa = PBXFileReference; lastKnownFileType = file.storyboard; name = Base; path = Base.lproj/Main.storyboard; sourceTree = "<group>"; };
		6962257D18204B9600C48EDD /* Nemo.xcdatamodel */ = {isa = PBXFileReference; lastKnownFileType = wrapper.xcdatamodel; path = Nemo.xcdatamodel; sourceTree = "<group>"; };
		6962257F18204B9600C48EDD /* NotesViewController.h */ = {isa = PBXFileReference; lastKnownFileType = sourcecode.c.h; path = NotesViewController.h; sourceTree = "<group>"; };
		6962258018204B9600C48EDD /* NotesViewController.m */ = {isa = PBXFileReference; lastKnownFileType = sourcecode.c.objc; path = NotesViewController.m; sourceTree = "<group>"; };
		6962258518204B9600C48EDD /* Images.xcassets */ = {isa = PBXFileReference; lastKnownFileType = folder.assetcatalog; path = Images.xcassets; sourceTree = "<group>"; };
		6962258B18204B9600C48EDD /* NemoTests.xctest */ = {isa = PBXFileReference; explicitFileType = wrapper.cfbundle; includeInIndex = 0; path = NemoTests.xctest; sourceTree = BUILT_PRODUCTS_DIR; };
		6962258C18204B9600C48EDD /* XCTest.framework */ = {isa = PBXFileReference; lastKnownFileType = wrapper.framework; name = XCTest.framework; path = Library/Frameworks/XCTest.framework; sourceTree = DEVELOPER_DIR; };
		6962259518204B9600C48EDD /* NemoTests-Info.plist */ = {isa = PBXFileReference; lastKnownFileType = text.plist.xml; path = "NemoTests-Info.plist"; sourceTree = "<group>"; };
		6962259718204B9600C48EDD /* en */ = {isa = PBXFileReference; lastKnownFileType = text.plist.strings; name = en; path = en.lproj/InfoPlist.strings; sourceTree = "<group>"; };
		6962259918204B9600C48EDD /* NemoTests.m */ = {isa = PBXFileReference; lastKnownFileType = sourcecode.c.objc; path = NemoTests.m; sourceTree = "<group>"; };
		696225A418204F6200C48EDD /* README.txt */ = {isa = PBXFileReference; fileEncoding = 4; lastKnownFileType = text; path = README.txt; sourceTree = "<group>"; };
		696225A618204F8B00C48EDD /* Cell+SpecialCaseBorders.h */ = {isa = PBXFileReference; fileEncoding = 4; lastKnownFileType = sourcecode.c.h; path = "Cell+SpecialCaseBorders.h"; sourceTree = "<group>"; };
		696225A718204F8B00C48EDD /* Cell+SpecialCaseBorders.m */ = {isa = PBXFileReference; fileEncoding = 4; lastKnownFileType = sourcecode.c.objc; path = "Cell+SpecialCaseBorders.m"; sourceTree = "<group>"; };
		696225A918204FCB00C48EDD /* Extensions.h */ = {isa = PBXFileReference; fileEncoding = 4; lastKnownFileType = sourcecode.c.h; path = Extensions.h; sourceTree = "<group>"; };
		696225AA18204FCB00C48EDD /* NSDate+DateRange.h */ = {isa = PBXFileReference; fileEncoding = 4; lastKnownFileType = sourcecode.c.h; path = "NSDate+DateRange.h"; sourceTree = "<group>"; };
		696225AB18204FCB00C48EDD /* NSDate+DateRange.m */ = {isa = PBXFileReference; fileEncoding = 4; lastKnownFileType = sourcecode.c.objc; path = "NSDate+DateRange.m"; sourceTree = "<group>"; };
		696225AC18204FCB00C48EDD /* NSDate+Extended.h */ = {isa = PBXFileReference; fileEncoding = 4; lastKnownFileType = sourcecode.c.h; path = "NSDate+Extended.h"; sourceTree = "<group>"; };
		696225AD18204FCB00C48EDD /* NSDate+RelativeString.h */ = {isa = PBXFileReference; fileEncoding = 4; lastKnownFileType = sourcecode.c.h; path = "NSDate+RelativeString.h"; sourceTree = "<group>"; };
		696225AE18204FCB00C48EDD /* NSDate+RelativeString.m */ = {isa = PBXFileReference; fileEncoding = 4; lastKnownFileType = sourcecode.c.objc; path = "NSDate+RelativeString.m"; sourceTree = "<group>"; };
		696225AF18204FCB00C48EDD /* NSDate+TimeAgo.h */ = {isa = PBXFileReference; fileEncoding = 4; lastKnownFileType = sourcecode.c.h; path = "NSDate+TimeAgo.h"; sourceTree = "<group>"; };
		696225B018204FCB00C48EDD /* NSDate+TimeAgo.m */ = {isa = PBXFileReference; fileEncoding = 4; lastKnownFileType = sourcecode.c.objc; path = "NSDate+TimeAgo.m"; sourceTree = "<group>"; };
		696225B118204FCB00C48EDD /* NSString+Extended.h */ = {isa = PBXFileReference; fileEncoding = 4; lastKnownFileType = sourcecode.c.h; path = "NSString+Extended.h"; sourceTree = "<group>"; };
		696225B218204FCB00C48EDD /* NSString+Extended.m */ = {isa = PBXFileReference; fileEncoding = 4; lastKnownFileType = sourcecode.c.objc; path = "NSString+Extended.m"; sourceTree = "<group>"; };
		696225B318204FCB00C48EDD /* UIColor-Expanded.h */ = {isa = PBXFileReference; fileEncoding = 4; lastKnownFileType = sourcecode.c.h; path = "UIColor-Expanded.h"; sourceTree = "<group>"; };
		696225B418204FCB00C48EDD /* UIColor-Expanded.m */ = {isa = PBXFileReference; fileEncoding = 4; lastKnownFileType = sourcecode.c.objc; path = "UIColor-Expanded.m"; sourceTree = "<group>"; };
		696225B518204FCB00C48EDD /* UITableViewCell+Borders.h */ = {isa = PBXFileReference; fileEncoding = 4; lastKnownFileType = sourcecode.c.h; path = "UITableViewCell+Borders.h"; sourceTree = "<group>"; };
		696225B618204FCB00C48EDD /* UITableViewCell+Borders.m */ = {isa = PBXFileReference; fileEncoding = 4; lastKnownFileType = sourcecode.c.objc; path = "UITableViewCell+Borders.m"; sourceTree = "<group>"; };
		696225B718204FCB00C48EDD /* UIViewController+Helpers.h */ = {isa = PBXFileReference; fileEncoding = 4; lastKnownFileType = sourcecode.c.h; path = "UIViewController+Helpers.h"; sourceTree = "<group>"; };
		696225B818204FCB00C48EDD /* UIViewController+Helpers.m */ = {isa = PBXFileReference; fileEncoding = 4; lastKnownFileType = sourcecode.c.objc; path = "UIViewController+Helpers.m"; sourceTree = "<group>"; };
		696225C018204FEB00C48EDD /* Cell.h */ = {isa = PBXFileReference; fileEncoding = 4; lastKnownFileType = sourcecode.c.h; path = Cell.h; sourceTree = "<group>"; };
		696225C118204FEB00C48EDD /* Cell.m */ = {isa = PBXFileReference; fileEncoding = 4; lastKnownFileType = sourcecode.c.objc; path = Cell.m; sourceTree = "<group>"; };
		696225C218204FEB00C48EDD /* NoteCell.h */ = {isa = PBXFileReference; fileEncoding = 4; lastKnownFileType = sourcecode.c.h; path = NoteCell.h; sourceTree = "<group>"; };
		696225C318204FEB00C48EDD /* NoteCell.m */ = {isa = PBXFileReference; fileEncoding = 4; lastKnownFileType = sourcecode.c.objc; path = NoteCell.m; sourceTree = "<group>"; };
		696225C418204FEB00C48EDD /* TopCell.h */ = {isa = PBXFileReference; fileEncoding = 4; lastKnownFileType = sourcecode.c.h; path = TopCell.h; sourceTree = "<group>"; };
		696225C518204FEB00C48EDD /* TopCell.m */ = {isa = PBXFileReference; fileEncoding = 4; lastKnownFileType = sourcecode.c.objc; path = TopCell.m; sourceTree = "<group>"; };
		696225CB1820502A00C48EDD /* NSDateTimeAgo.bundle */ = {isa = PBXFileReference; lastKnownFileType = "wrapper.plug-in"; path = NSDateTimeAgo.bundle; sourceTree = "<group>"; };
		696225CE182050AA00C48EDD /* UlyssesTextView.h */ = {isa = PBXFileReference; fileEncoding = 4; lastKnownFileType = sourcecode.c.h; path = UlyssesTextView.h; sourceTree = "<group>"; };
		696225CF182050AA00C48EDD /* UlyssesTextView.m */ = {isa = PBXFileReference; fileEncoding = 4; lastKnownFileType = sourcecode.c.objc; path = UlyssesTextView.m; sourceTree = "<group>"; };
		696225D51820521D00C48EDD /* MagicalImportFunctions.h */ = {isa = PBXFileReference; fileEncoding = 4; lastKnownFileType = sourcecode.c.h; path = MagicalImportFunctions.h; sourceTree = "<group>"; };
		696225D61820521D00C48EDD /* MagicalImportFunctions.m */ = {isa = PBXFileReference; fileEncoding = 4; lastKnownFileType = sourcecode.c.objc; path = MagicalImportFunctions.m; sourceTree = "<group>"; };
		696225D71820521D00C48EDD /* NSAttributeDescription+MagicalDataImport.h */ = {isa = PBXFileReference; fileEncoding = 4; lastKnownFileType = sourcecode.c.h; path = "NSAttributeDescription+MagicalDataImport.h"; sourceTree = "<group>"; };
		696225D81820521D00C48EDD /* NSAttributeDescription+MagicalDataImport.m */ = {isa = PBXFileReference; fileEncoding = 4; lastKnownFileType = sourcecode.c.objc; path = "NSAttributeDescription+MagicalDataImport.m"; sourceTree = "<group>"; };
		696225D91820521D00C48EDD /* NSEntityDescription+MagicalDataImport.h */ = {isa = PBXFileReference; fileEncoding = 4; lastKnownFileType = sourcecode.c.h; path = "NSEntityDescription+MagicalDataImport.h"; sourceTree = "<group>"; };
		696225DA1820521D00C48EDD /* NSEntityDescription+MagicalDataImport.m */ = {isa = PBXFileReference; fileEncoding = 4; lastKnownFileType = sourcecode.c.objc; path = "NSEntityDescription+MagicalDataImport.m"; sourceTree = "<group>"; };
		696225DB1820521D00C48EDD /* NSNumber+MagicalDataImport.h */ = {isa = PBXFileReference; fileEncoding = 4; lastKnownFileType = sourcecode.c.h; path = "NSNumber+MagicalDataImport.h"; sourceTree = "<group>"; };
		696225DC1820521D00C48EDD /* NSNumber+MagicalDataImport.m */ = {isa = PBXFileReference; fileEncoding = 4; lastKnownFileType = sourcecode.c.objc; path = "NSNumber+MagicalDataImport.m"; sourceTree = "<group>"; };
		696225DD1820521D00C48EDD /* NSObject+MagicalDataImport.h */ = {isa = PBXFileReference; fileEncoding = 4; lastKnownFileType = sourcecode.c.h; path = "NSObject+MagicalDataImport.h"; sourceTree = "<group>"; };
		696225DE1820521D00C48EDD /* NSObject+MagicalDataImport.m */ = {isa = PBXFileReference; fileEncoding = 4; lastKnownFileType = sourcecode.c.objc; path = "NSObject+MagicalDataImport.m"; sourceTree = "<group>"; };
		696225DF1820521D00C48EDD /* NSRelationshipDescription+MagicalDataImport.h */ = {isa = PBXFileReference; fileEncoding = 4; lastKnownFileType = sourcecode.c.h; path = "NSRelationshipDescription+MagicalDataImport.h"; sourceTree = "<group>"; };
		696225E01820521D00C48EDD /* NSRelationshipDescription+MagicalDataImport.m */ = {isa = PBXFileReference; fileEncoding = 4; lastKnownFileType = sourcecode.c.objc; path = "NSRelationshipDescription+MagicalDataImport.m"; sourceTree = "<group>"; };
		696225E11820521D00C48EDD /* NSString+MagicalDataImport.h */ = {isa = PBXFileReference; fileEncoding = 4; lastKnownFileType = sourcecode.c.h; path = "NSString+MagicalDataImport.h"; sourceTree = "<group>"; };
		696225E21820521D00C48EDD /* NSString+MagicalDataImport.m */ = {isa = PBXFileReference; fileEncoding = 4; lastKnownFileType = sourcecode.c.objc; path = "NSString+MagicalDataImport.m"; sourceTree = "<group>"; };
		696225E41820521D00C48EDD /* NSManagedObject+MagicalAggregation.h */ = {isa = PBXFileReference; fileEncoding = 4; lastKnownFileType = sourcecode.c.h; path = "NSManagedObject+MagicalAggregation.h"; sourceTree = "<group>"; };
		696225E51820521D00C48EDD /* NSManagedObject+MagicalAggregation.m */ = {isa = PBXFileReference; fileEncoding = 4; lastKnownFileType = sourcecode.c.objc; path = "NSManagedObject+MagicalAggregation.m"; sourceTree = "<group>"; };
		696225E61820521D00C48EDD /* NSManagedObject+MagicalDataImport.h */ = {isa = PBXFileReference; fileEncoding = 4; lastKnownFileType = sourcecode.c.h; path = "NSManagedObject+MagicalDataImport.h"; sourceTree = "<group>"; };
		696225E71820521D00C48EDD /* NSManagedObject+MagicalDataImport.m */ = {isa = PBXFileReference; fileEncoding = 4; lastKnownFileType = sourcecode.c.objc; path = "NSManagedObject+MagicalDataImport.m"; sourceTree = "<group>"; };
		696225E81820521D00C48EDD /* NSManagedObject+MagicalFinders.h */ = {isa = PBXFileReference; fileEncoding = 4; lastKnownFileType = sourcecode.c.h; path = "NSManagedObject+MagicalFinders.h"; sourceTree = "<group>"; };
		696225E91820521D00C48EDD /* NSManagedObject+MagicalFinders.m */ = {isa = PBXFileReference; fileEncoding = 4; lastKnownFileType = sourcecode.c.objc; path = "NSManagedObject+MagicalFinders.m"; sourceTree = "<group>"; };
		696225EA1820521D00C48EDD /* NSManagedObject+MagicalRecord.h */ = {isa = PBXFileReference; fileEncoding = 4; lastKnownFileType = sourcecode.c.h; path = "NSManagedObject+MagicalRecord.h"; sourceTree = "<group>"; };
		696225EB1820521D00C48EDD /* NSManagedObject+MagicalRecord.m */ = {isa = PBXFileReference; fileEncoding = 4; lastKnownFileType = sourcecode.c.objc; path = "NSManagedObject+MagicalRecord.m"; sourceTree = "<group>"; };
		696225EC1820521D00C48EDD /* NSManagedObject+MagicalRequests.h */ = {isa = PBXFileReference; fileEncoding = 4; lastKnownFileType = sourcecode.c.h; path = "NSManagedObject+MagicalRequests.h"; sourceTree = "<group>"; };
		696225ED1820521D00C48EDD /* NSManagedObject+MagicalRequests.m */ = {isa = PBXFileReference; fileEncoding = 4; lastKnownFileType = sourcecode.c.objc; path = "NSManagedObject+MagicalRequests.m"; sourceTree = "<group>"; };
		696225EF1820521D00C48EDD /* NSManagedObjectContext+MagicalObserving.h */ = {isa = PBXFileReference; fileEncoding = 4; lastKnownFileType = sourcecode.c.h; path = "NSManagedObjectContext+MagicalObserving.h"; sourceTree = "<group>"; };
		696225F01820521D00C48EDD /* NSManagedObjectContext+MagicalObserving.m */ = {isa = PBXFileReference; fileEncoding = 4; lastKnownFileType = sourcecode.c.objc; path = "NSManagedObjectContext+MagicalObserving.m"; sourceTree = "<group>"; };
		696225F11820521D00C48EDD /* NSManagedObjectContext+MagicalRecord.h */ = {isa = PBXFileReference; fileEncoding = 4; lastKnownFileType = sourcecode.c.h; path = "NSManagedObjectContext+MagicalRecord.h"; sourceTree = "<group>"; };
		696225F21820521D00C48EDD /* NSManagedObjectContext+MagicalRecord.m */ = {isa = PBXFileReference; fileEncoding = 4; lastKnownFileType = sourcecode.c.objc; path = "NSManagedObjectContext+MagicalRecord.m"; sourceTree = "<group>"; };
		696225F31820521D00C48EDD /* NSManagedObjectContext+MagicalSaves.h */ = {isa = PBXFileReference; fileEncoding = 4; lastKnownFileType = sourcecode.c.h; path = "NSManagedObjectContext+MagicalSaves.h"; sourceTree = "<group>"; };
		696225F41820521D00C48EDD /* NSManagedObjectContext+MagicalSaves.m */ = {isa = PBXFileReference; fileEncoding = 4; lastKnownFileType = sourcecode.c.objc; path = "NSManagedObjectContext+MagicalSaves.m"; sourceTree = "<group>"; };
		696225F51820521D00C48EDD /* NSManagedObjectContext+MagicalThreading.h */ = {isa = PBXFileReference; fileEncoding = 4; lastKnownFileType = sourcecode.c.h; path = "NSManagedObjectContext+MagicalThreading.h"; sourceTree = "<group>"; };
		696225F61820521D00C48EDD /* NSManagedObjectContext+MagicalThreading.m */ = {isa = PBXFileReference; fileEncoding = 4; lastKnownFileType = sourcecode.c.objc; path = "NSManagedObjectContext+MagicalThreading.m"; sourceTree = "<group>"; };
		696225F71820521D00C48EDD /* NSManagedObjectModel+MagicalRecord.h */ = {isa = PBXFileReference; fileEncoding = 4; lastKnownFileType = sourcecode.c.h; path = "NSManagedObjectModel+MagicalRecord.h"; sourceTree = "<group>"; };
		696225F81820521D00C48EDD /* NSManagedObjectModel+MagicalRecord.m */ = {isa = PBXFileReference; fileEncoding = 4; lastKnownFileType = sourcecode.c.objc; path = "NSManagedObjectModel+MagicalRecord.m"; sourceTree = "<group>"; };
		696225F91820521D00C48EDD /* NSPersistentStore+MagicalRecord.h */ = {isa = PBXFileReference; fileEncoding = 4; lastKnownFileType = sourcecode.c.h; path = "NSPersistentStore+MagicalRecord.h"; sourceTree = "<group>"; };
		696225FA1820521D00C48EDD /* NSPersistentStore+MagicalRecord.m */ = {isa = PBXFileReference; fileEncoding = 4; lastKnownFileType = sourcecode.c.objc; path = "NSPersistentStore+MagicalRecord.m"; sourceTree = "<group>"; };
		696225FB1820521D00C48EDD /* NSPersistentStoreCoordinator+MagicalRecord.h */ = {isa = PBXFileReference; fileEncoding = 4; lastKnownFileType = sourcecode.c.h; path = "NSPersistentStoreCoordinator+MagicalRecord.h"; sourceTree = "<group>"; };
		696225FC1820521D00C48EDD /* NSPersistentStoreCoordinator+MagicalRecord.m */ = {isa = PBXFileReference; fileEncoding = 4; lastKnownFileType = sourcecode.c.objc; path = "NSPersistentStoreCoordinator+MagicalRecord.m"; sourceTree = "<group>"; };
		696225FE1820521D00C48EDD /* MagicalRecord+Actions.h */ = {isa = PBXFileReference; fileEncoding = 4; lastKnownFileType = sourcecode.c.h; path = "MagicalRecord+Actions.h"; sourceTree = "<group>"; };
		696225FF1820521D00C48EDD /* MagicalRecord+Actions.m */ = {isa = PBXFileReference; fileEncoding = 4; lastKnownFileType = sourcecode.c.objc; path = "MagicalRecord+Actions.m"; sourceTree = "<group>"; };
		696226001820521D00C48EDD /* MagicalRecord+ErrorHandling.h */ = {isa = PBXFileReference; fileEncoding = 4; lastKnownFileType = sourcecode.c.h; path = "MagicalRecord+ErrorHandling.h"; sourceTree = "<group>"; };
		696226011820521D00C48EDD /* MagicalRecord+ErrorHandling.m */ = {isa = PBXFileReference; fileEncoding = 4; lastKnownFileType = sourcecode.c.objc; path = "MagicalRecord+ErrorHandling.m"; sourceTree = "<group>"; };
		696226021820521D00C48EDD /* MagicalRecord+iCloud.h */ = {isa = PBXFileReference; fileEncoding = 4; lastKnownFileType = sourcecode.c.h; path = "MagicalRecord+iCloud.h"; sourceTree = "<group>"; };
		696226031820521D00C48EDD /* MagicalRecord+iCloud.m */ = {isa = PBXFileReference; fileEncoding = 4; lastKnownFileType = sourcecode.c.objc; path = "MagicalRecord+iCloud.m"; sourceTree = "<group>"; };
		696226041820521D00C48EDD /* MagicalRecord+Options.h */ = {isa = PBXFileReference; fileEncoding = 4; lastKnownFileType = sourcecode.c.h; path = "MagicalRecord+Options.h"; sourceTree = "<group>"; };
		696226051820521D00C48EDD /* MagicalRecord+Options.m */ = {isa = PBXFileReference; fileEncoding = 4; lastKnownFileType = sourcecode.c.objc; path = "MagicalRecord+Options.m"; sourceTree = "<group>"; };
		696226061820521D00C48EDD /* MagicalRecord+Setup.h */ = {isa = PBXFileReference; fileEncoding = 4; lastKnownFileType = sourcecode.c.h; path = "MagicalRecord+Setup.h"; sourceTree = "<group>"; };
		696226071820521D00C48EDD /* MagicalRecord+Setup.m */ = {isa = PBXFileReference; fileEncoding = 4; lastKnownFileType = sourcecode.c.objc; path = "MagicalRecord+Setup.m"; sourceTree = "<group>"; };
		696226081820521D00C48EDD /* MagicalRecord+ShorthandSupport.h */ = {isa = PBXFileReference; fileEncoding = 4; lastKnownFileType = sourcecode.c.h; path = "MagicalRecord+ShorthandSupport.h"; sourceTree = "<group>"; };
		696226091820521D00C48EDD /* MagicalRecord+ShorthandSupport.m */ = {isa = PBXFileReference; fileEncoding = 4; lastKnownFileType = sourcecode.c.objc; path = "MagicalRecord+ShorthandSupport.m"; sourceTree = "<group>"; };
		6962260A1820521D00C48EDD /* MagicalRecord.h */ = {isa = PBXFileReference; fileEncoding = 4; lastKnownFileType = sourcecode.c.h; path = MagicalRecord.h; sourceTree = "<group>"; };
		6962260B1820521D00C48EDD /* MagicalRecord.m */ = {isa = PBXFileReference; fileEncoding = 4; lastKnownFileType = sourcecode.c.objc; path = MagicalRecord.m; sourceTree = "<group>"; };
		6962260C1820521D00C48EDD /* MagicalRecordShorthand.h */ = {isa = PBXFileReference; fileEncoding = 4; lastKnownFileType = sourcecode.c.h; path = MagicalRecordShorthand.h; sourceTree = "<group>"; };
		6962260D1820521D00C48EDD /* CoreData+MagicalRecord.h */ = {isa = PBXFileReference; fileEncoding = 4; lastKnownFileType = sourcecode.c.h; path = "CoreData+MagicalRecord.h"; sourceTree = "<group>"; };
		696226281820522800C48EDD /* Note+Section.h */ = {isa = PBXFileReference; fileEncoding = 4; lastKnownFileType = sourcecode.c.h; path = "Note+Section.h"; sourceTree = "<group>"; };
		696226291820522800C48EDD /* Note+Section.m */ = {isa = PBXFileReference; fileEncoding = 4; lastKnownFileType = sourcecode.c.objc; path = "Note+Section.m"; sourceTree = "<group>"; };
		696226781820546200C48EDD /* DetailViewController.h */ = {isa = PBXFileReference; fileEncoding = 4; lastKnownFileType = sourcecode.c.h; path = DetailViewController.h; sourceTree = "<group>"; };
		696226791820546200C48EDD /* DetailViewController.m */ = {isa = PBXFileReference; fileEncoding = 4; lastKnownFileType = sourcecode.c.objc; path = DetailViewController.m; sourceTree = "<group>"; };
		6962267B18205DDC00C48EDD /* Note.h */ = {isa = PBXFileReference; fileEncoding = 4; lastKnownFileType = sourcecode.c.h; path = Note.h; sourceTree = "<group>"; };
		6962267C18205DDC00C48EDD /* Note.m */ = {isa = PBXFileReference; fileEncoding = 4; lastKnownFileType = sourcecode.c.objc; path = Note.m; sourceTree = "<group>"; };
/* End PBXFileReference section */

/* Begin PBXFrameworksBuildPhase section */
		6962255F18204B9600C48EDD /* Frameworks */ = {
			isa = PBXFrameworksBuildPhase;
			buildActionMask = 2147483647;
			files = (
				6962256818204B9600C48EDD /* CoreGraphics.framework in Frameworks */,
				6962256C18204B9600C48EDD /* CoreData.framework in Frameworks */,
				6962256A18204B9600C48EDD /* UIKit.framework in Frameworks */,
				6962256618204B9600C48EDD /* Foundation.framework in Frameworks */,
			);
			runOnlyForDeploymentPostprocessing = 0;
		};
		6962258818204B9600C48EDD /* Frameworks */ = {
			isa = PBXFrameworksBuildPhase;
			buildActionMask = 2147483647;
			files = (
				6962258D18204B9600C48EDD /* XCTest.framework in Frameworks */,
				6962259018204B9600C48EDD /* CoreData.framework in Frameworks */,
				6962258F18204B9600C48EDD /* UIKit.framework in Frameworks */,
				6962258E18204B9600C48EDD /* Foundation.framework in Frameworks */,
			);
			runOnlyForDeploymentPostprocessing = 0;
		};
/* End PBXFrameworksBuildPhase section */

/* Begin PBXGroup section */
		6962255918204B9600C48EDD = {
			isa = PBXGroup;
			children = (
				6962256D18204B9600C48EDD /* Nemo */,
				6962259318204B9600C48EDD /* NemoTests */,
				6962256418204B9600C48EDD /* Frameworks */,
				6962256318204B9600C48EDD /* Products */,
			);
			sourceTree = "<group>";
		};
		6962256318204B9600C48EDD /* Products */ = {
			isa = PBXGroup;
			children = (
				6962256218204B9600C48EDD /* Nemo.app */,
				6962258B18204B9600C48EDD /* NemoTests.xctest */,
			);
			name = Products;
			sourceTree = "<group>";
		};
		6962256418204B9600C48EDD /* Frameworks */ = {
			isa = PBXGroup;
			children = (
				6962256518204B9600C48EDD /* Foundation.framework */,
				6962256718204B9600C48EDD /* CoreGraphics.framework */,
				6962256918204B9600C48EDD /* UIKit.framework */,
				6962256B18204B9600C48EDD /* CoreData.framework */,
				6962258C18204B9600C48EDD /* XCTest.framework */,
			);
			name = Frameworks;
			sourceTree = "<group>";
		};
		6962256D18204B9600C48EDD /* Nemo */ = {
			isa = PBXGroup;
			children = (
				6962257618204B9600C48EDD /* AppDelegate.h */,
				6962257718204B9600C48EDD /* AppDelegate.m */,
				6962257F18204B9600C48EDD /* NotesViewController.h */,
				6962258018204B9600C48EDD /* NotesViewController.m */,
				696226781820546200C48EDD /* DetailViewController.h */,
				696226791820546200C48EDD /* DetailViewController.m */,
				6962258518204B9600C48EDD /* Images.xcassets */,
				6962257918204B9600C48EDD /* Main.storyboard */,
				6962256E18204B9600C48EDD /* Supporting Files */,
			);
			path = Nemo;
			sourceTree = "<group>";
		};
		6962256E18204B9600C48EDD /* Supporting Files */ = {
			isa = PBXGroup;
			children = (
				696225D1182050B400C48EDD /* DB */,
				696225C918204FEF00C48EDD /* Views */,
				696225A318204EC800C48EDD /* Extensions */,
				696225A418204F6200C48EDD /* README.txt */,
				6962256F18204B9600C48EDD /* Nemo-Info.plist */,
				6962257018204B9600C48EDD /* InfoPlist.strings */,
				6962257318204B9600C48EDD /* main.m */,
				6962257518204B9600C48EDD /* Nemo-Prefix.pch */,
			);
			name = "Supporting Files";
			sourceTree = "<group>";
		};
		6962259318204B9600C48EDD /* NemoTests */ = {
			isa = PBXGroup;
			children = (
				6962259918204B9600C48EDD /* NemoTests.m */,
				6962259418204B9600C48EDD /* Supporting Files */,
			);
			path = NemoTests;
			sourceTree = "<group>";
		};
		6962259418204B9600C48EDD /* Supporting Files */ = {
			isa = PBXGroup;
			children = (
				6962259518204B9600C48EDD /* NemoTests-Info.plist */,
				6962259618204B9600C48EDD /* InfoPlist.strings */,
			);
			name = "Supporting Files";
			sourceTree = "<group>";
		};
		696225A318204EC800C48EDD /* Extensions */ = {
			isa = PBXGroup;
			children = (
				696225A918204FCB00C48EDD /* Extensions.h */,
				696225AA18204FCB00C48EDD /* NSDate+DateRange.h */,
				696225AB18204FCB00C48EDD /* NSDate+DateRange.m */,
				696225AC18204FCB00C48EDD /* NSDate+Extended.h */,
				696225AD18204FCB00C48EDD /* NSDate+RelativeString.h */,
				696225AE18204FCB00C48EDD /* NSDate+RelativeString.m */,
				696225AF18204FCB00C48EDD /* NSDate+TimeAgo.h */,
				696225B018204FCB00C48EDD /* NSDate+TimeAgo.m */,
				696225B118204FCB00C48EDD /* NSString+Extended.h */,
				696225B218204FCB00C48EDD /* NSString+Extended.m */,
				696225CB1820502A00C48EDD /* NSDateTimeAgo.bundle */,
				696225B318204FCB00C48EDD /* UIColor-Expanded.h */,
				696225B418204FCB00C48EDD /* UIColor-Expanded.m */,
				696225B518204FCB00C48EDD /* UITableViewCell+Borders.h */,
				696225B618204FCB00C48EDD /* UITableViewCell+Borders.m */,
				696225B718204FCB00C48EDD /* UIViewController+Helpers.h */,
				696225B818204FCB00C48EDD /* UIViewController+Helpers.m */,
				696225A618204F8B00C48EDD /* Cell+SpecialCaseBorders.h */,
				696225A718204F8B00C48EDD /* Cell+SpecialCaseBorders.m */,
			);
			name = Extensions;
			sourceTree = "<group>";
		};
		696225C918204FEF00C48EDD /* Views */ = {
			isa = PBXGroup;
			children = (
				696225CD1820507500C48EDD /* Text View */,
				696225CA18204FF500C48EDD /* Cell */,
			);
			name = Views;
			sourceTree = "<group>";
		};
		696225CA18204FF500C48EDD /* Cell */ = {
			isa = PBXGroup;
			children = (
				696225C018204FEB00C48EDD /* Cell.h */,
				696225C118204FEB00C48EDD /* Cell.m */,
				696225C418204FEB00C48EDD /* TopCell.h */,
				696225C518204FEB00C48EDD /* TopCell.m */,
				696225C218204FEB00C48EDD /* NoteCell.h */,
				696225C318204FEB00C48EDD /* NoteCell.m */,
			);
			name = Cell;
			sourceTree = "<group>";
		};
		696225CD1820507500C48EDD /* Text View */ = {
			isa = PBXGroup;
			children = (
				696225CE182050AA00C48EDD /* UlyssesTextView.h */,
				696225CF182050AA00C48EDD /* UlyssesTextView.m */,
			);
			name = "Text View";
			sourceTree = "<group>";
		};
		696225D1182050B400C48EDD /* DB */ = {
			isa = PBXGroup;
			children = (
				6962257C18204B9600C48EDD /* Nemo.xcdatamodeld */,
				6962267B18205DDC00C48EDD /* Note.h */,
				6962267C18205DDC00C48EDD /* Note.m */,
				696226281820522800C48EDD /* Note+Section.h */,
				696226291820522800C48EDD /* Note+Section.m */,
				696225D21820521D00C48EDD /* MagicalRecord */,
			);
			name = DB;
			sourceTree = "<group>";
		};
		696225D21820521D00C48EDD /* MagicalRecord */ = {
			isa = PBXGroup;
			children = (
				696225D31820521D00C48EDD /* Categories */,
				696225FD1820521D00C48EDD /* Core */,
				6962260D1820521D00C48EDD /* CoreData+MagicalRecord.h */,
			);
			path = MagicalRecord;
			sourceTree = "<group>";
		};
		696225D31820521D00C48EDD /* Categories */ = {
			isa = PBXGroup;
			children = (
				696225D41820521D00C48EDD /* DataImport */,
				696225E31820521D00C48EDD /* NSManagedObject */,
				696225EE1820521D00C48EDD /* NSManagedObjectContext */,
				696225F71820521D00C48EDD /* NSManagedObjectModel+MagicalRecord.h */,
				696225F81820521D00C48EDD /* NSManagedObjectModel+MagicalRecord.m */,
				696225F91820521D00C48EDD /* NSPersistentStore+MagicalRecord.h */,
				696225FA1820521D00C48EDD /* NSPersistentStore+MagicalRecord.m */,
				696225FB1820521D00C48EDD /* NSPersistentStoreCoordinator+MagicalRecord.h */,
				696225FC1820521D00C48EDD /* NSPersistentStoreCoordinator+MagicalRecord.m */,
			);
			path = Categories;
			sourceTree = "<group>";
		};
		696225D41820521D00C48EDD /* DataImport */ = {
			isa = PBXGroup;
			children = (
				696225D51820521D00C48EDD /* MagicalImportFunctions.h */,
				696225D61820521D00C48EDD /* MagicalImportFunctions.m */,
				696225D71820521D00C48EDD /* NSAttributeDescription+MagicalDataImport.h */,
				696225D81820521D00C48EDD /* NSAttributeDescription+MagicalDataImport.m */,
				696225D91820521D00C48EDD /* NSEntityDescription+MagicalDataImport.h */,
				696225DA1820521D00C48EDD /* NSEntityDescription+MagicalDataImport.m */,
				696225DB1820521D00C48EDD /* NSNumber+MagicalDataImport.h */,
				696225DC1820521D00C48EDD /* NSNumber+MagicalDataImport.m */,
				696225DD1820521D00C48EDD /* NSObject+MagicalDataImport.h */,
				696225DE1820521D00C48EDD /* NSObject+MagicalDataImport.m */,
				696225DF1820521D00C48EDD /* NSRelationshipDescription+MagicalDataImport.h */,
				696225E01820521D00C48EDD /* NSRelationshipDescription+MagicalDataImport.m */,
				696225E11820521D00C48EDD /* NSString+MagicalDataImport.h */,
				696225E21820521D00C48EDD /* NSString+MagicalDataImport.m */,
			);
			path = DataImport;
			sourceTree = "<group>";
		};
		696225E31820521D00C48EDD /* NSManagedObject */ = {
			isa = PBXGroup;
			children = (
				696225E41820521D00C48EDD /* NSManagedObject+MagicalAggregation.h */,
				696225E51820521D00C48EDD /* NSManagedObject+MagicalAggregation.m */,
				696225E61820521D00C48EDD /* NSManagedObject+MagicalDataImport.h */,
				696225E71820521D00C48EDD /* NSManagedObject+MagicalDataImport.m */,
				696225E81820521D00C48EDD /* NSManagedObject+MagicalFinders.h */,
				696225E91820521D00C48EDD /* NSManagedObject+MagicalFinders.m */,
				696225EA1820521D00C48EDD /* NSManagedObject+MagicalRecord.h */,
				696225EB1820521D00C48EDD /* NSManagedObject+MagicalRecord.m */,
				696225EC1820521D00C48EDD /* NSManagedObject+MagicalRequests.h */,
				696225ED1820521D00C48EDD /* NSManagedObject+MagicalRequests.m */,
			);
			path = NSManagedObject;
			sourceTree = "<group>";
		};
		696225EE1820521D00C48EDD /* NSManagedObjectContext */ = {
			isa = PBXGroup;
			children = (
				696225EF1820521D00C48EDD /* NSManagedObjectContext+MagicalObserving.h */,
				696225F01820521D00C48EDD /* NSManagedObjectContext+MagicalObserving.m */,
				696225F11820521D00C48EDD /* NSManagedObjectContext+MagicalRecord.h */,
				696225F21820521D00C48EDD /* NSManagedObjectContext+MagicalRecord.m */,
				696225F31820521D00C48EDD /* NSManagedObjectContext+MagicalSaves.h */,
				696225F41820521D00C48EDD /* NSManagedObjectContext+MagicalSaves.m */,
				696225F51820521D00C48EDD /* NSManagedObjectContext+MagicalThreading.h */,
				696225F61820521D00C48EDD /* NSManagedObjectContext+MagicalThreading.m */,
			);
			path = NSManagedObjectContext;
			sourceTree = "<group>";
		};
		696225FD1820521D00C48EDD /* Core */ = {
			isa = PBXGroup;
			children = (
				696225FE1820521D00C48EDD /* MagicalRecord+Actions.h */,
				696225FF1820521D00C48EDD /* MagicalRecord+Actions.m */,
				696226001820521D00C48EDD /* MagicalRecord+ErrorHandling.h */,
				696226011820521D00C48EDD /* MagicalRecord+ErrorHandling.m */,
				696226021820521D00C48EDD /* MagicalRecord+iCloud.h */,
				696226031820521D00C48EDD /* MagicalRecord+iCloud.m */,
				696226041820521D00C48EDD /* MagicalRecord+Options.h */,
				696226051820521D00C48EDD /* MagicalRecord+Options.m */,
				696226061820521D00C48EDD /* MagicalRecord+Setup.h */,
				696226071820521D00C48EDD /* MagicalRecord+Setup.m */,
				696226081820521D00C48EDD /* MagicalRecord+ShorthandSupport.h */,
				696226091820521D00C48EDD /* MagicalRecord+ShorthandSupport.m */,
				6962260A1820521D00C48EDD /* MagicalRecord.h */,
				6962260B1820521D00C48EDD /* MagicalRecord.m */,
				6962260C1820521D00C48EDD /* MagicalRecordShorthand.h */,
			);
			path = Core;
			sourceTree = "<group>";
		};
/* End PBXGroup section */

/* Begin PBXNativeTarget section */
		6962256118204B9600C48EDD /* Nemo */ = {
			isa = PBXNativeTarget;
			buildConfigurationList = 6962259D18204B9600C48EDD /* Build configuration list for PBXNativeTarget "Nemo" */;
			buildPhases = (
				6962255E18204B9600C48EDD /* Sources */,
				6962255F18204B9600C48EDD /* Frameworks */,
				6962256018204B9600C48EDD /* Resources */,
			);
			buildRules = (
			);
			dependencies = (
			);
			name = Nemo;
			productName = Nemo;
			productReference = 6962256218204B9600C48EDD /* Nemo.app */;
			productType = "com.apple.product-type.application";
		};
		6962258A18204B9600C48EDD /* NemoTests */ = {
			isa = PBXNativeTarget;
			buildConfigurationList = 696225A018204B9600C48EDD /* Build configuration list for PBXNativeTarget "NemoTests" */;
			buildPhases = (
				6962258718204B9600C48EDD /* Sources */,
				6962258818204B9600C48EDD /* Frameworks */,
				6962258918204B9600C48EDD /* Resources */,
			);
			buildRules = (
			);
			dependencies = (
				6962259218204B9600C48EDD /* PBXTargetDependency */,
			);
			name = NemoTests;
			productName = NemoTests;
			productReference = 6962258B18204B9600C48EDD /* NemoTests.xctest */;
			productType = "com.apple.product-type.bundle.unit-test";
		};
/* End PBXNativeTarget section */

/* Begin PBXProject section */
		6962255A18204B9600C48EDD /* Project object */ = {
			isa = PBXProject;
			attributes = {
				LastUpgradeCheck = 0500;
				ORGANIZATIONNAME = NorthStar;
				TargetAttributes = {
					6962258A18204B9600C48EDD = {
						TestTargetID = 6962256118204B9600C48EDD;
					};
				};
			};
			buildConfigurationList = 6962255D18204B9600C48EDD /* Build configuration list for PBXProject "Nemo" */;
			compatibilityVersion = "Xcode 3.2";
			developmentRegion = English;
			hasScannedForEncodings = 0;
			knownRegions = (
				en,
				Base,
			);
			mainGroup = 6962255918204B9600C48EDD;
			productRefGroup = 6962256318204B9600C48EDD /* Products */;
			projectDirPath = "";
			projectRoot = "";
			targets = (
				6962256118204B9600C48EDD /* Nemo */,
				6962258A18204B9600C48EDD /* NemoTests */,
			);
		};
/* End PBXProject section */

/* Begin PBXResourcesBuildPhase section */
		6962256018204B9600C48EDD /* Resources */ = {
			isa = PBXResourcesBuildPhase;
			buildActionMask = 2147483647;
			files = (
				6962258618204B9600C48EDD /* Images.xcassets in Resources */,
				696225CC1820502A00C48EDD /* NSDateTimeAgo.bundle in Resources */,
				6962257218204B9600C48EDD /* InfoPlist.strings in Resources */,
				696225A518204F6200C48EDD /* README.txt in Resources */,
				6962257B18204B9600C48EDD /* Main.storyboard in Resources */,
			);
			runOnlyForDeploymentPostprocessing = 0;
		};
		6962258918204B9600C48EDD /* Resources */ = {
			isa = PBXResourcesBuildPhase;
			buildActionMask = 2147483647;
			files = (
				6962259818204B9600C48EDD /* InfoPlist.strings in Resources */,
			);
			runOnlyForDeploymentPostprocessing = 0;
		};
/* End PBXResourcesBuildPhase section */

/* Begin PBXSourcesBuildPhase section */
		6962255E18204B9600C48EDD /* Sources */ = {
			isa = PBXSourcesBuildPhase;
			buildActionMask = 2147483647;
			files = (
				6962267D18205DDC00C48EDD /* Note.m in Sources */,
				696226131820521D00C48EDD /* NSRelationshipDescription+MagicalDataImport.m in Sources */,
				6962261E1820521D00C48EDD /* NSManagedObjectModel+MagicalRecord.m in Sources */,
				696225D0182050AA00C48EDD /* UlyssesTextView.m in Sources */,
				696226251820521D00C48EDD /* MagicalRecord+Setup.m in Sources */,
				696226101820521D00C48EDD /* NSEntityDescription+MagicalDataImport.m in Sources */,
				696225A818204F8B00C48EDD /* Cell+SpecialCaseBorders.m in Sources */,
				6962262A1820522800C48EDD /* Note+Section.m in Sources */,
				6962261C1820521D00C48EDD /* NSManagedObjectContext+MagicalSaves.m in Sources */,
				696226141820521D00C48EDD /* NSString+MagicalDataImport.m in Sources */,
				6962258118204B9600C48EDD /* NotesViewController.m in Sources */,
				696226111820521D00C48EDD /* NSNumber+MagicalDataImport.m in Sources */,
				696225B918204FCB00C48EDD /* NSDate+DateRange.m in Sources */,
				6962261F1820521D00C48EDD /* NSPersistentStore+MagicalRecord.m in Sources */,
				696226151820521D00C48EDD /* NSManagedObject+MagicalAggregation.m in Sources */,
				696226231820521D00C48EDD /* MagicalRecord+iCloud.m in Sources */,
				6962257818204B9600C48EDD /* AppDelegate.m in Sources */,
				696225BE18204FCB00C48EDD /* UITableViewCell+Borders.m in Sources */,
				6962261B1820521D00C48EDD /* NSManagedObjectContext+MagicalRecord.m in Sources */,
				696226121820521D00C48EDD /* NSObject+MagicalDataImport.m in Sources */,
				6962267A1820546200C48EDD /* DetailViewController.m in Sources */,
				696226191820521D00C48EDD /* NSManagedObject+MagicalRequests.m in Sources */,
				696225BB18204FCB00C48EDD /* NSDate+TimeAgo.m in Sources */,
				696225C818204FEB00C48EDD /* TopCell.m in Sources */,
				696225BF18204FCB00C48EDD /* UIViewController+Helpers.m in Sources */,
				696226241820521D00C48EDD /* MagicalRecord+Options.m in Sources */,
				696225BC18204FCB00C48EDD /* NSString+Extended.m in Sources */,
				696226201820521D00C48EDD /* NSPersistentStoreCoordinator+MagicalRecord.m in Sources */,
				6962261D1820521D00C48EDD /* NSManagedObjectContext+MagicalThreading.m in Sources */,
				6962257418204B9600C48EDD /* main.m in Sources */,
				696226221820521D00C48EDD /* MagicalRecord+ErrorHandling.m in Sources */,
				696225C718204FEB00C48EDD /* NoteCell.m in Sources */,
				696226181820521D00C48EDD /* NSManagedObject+MagicalRecord.m in Sources */,
				6962260F1820521D00C48EDD /* NSAttributeDescription+MagicalDataImport.m in Sources */,
				6962257E18204B9600C48EDD /* Nemo.xcdatamodeld in Sources */,
				696225BD18204FCB00C48EDD /* UIColor-Expanded.m in Sources */,
				696226271820521D00C48EDD /* MagicalRecord.m in Sources */,
				696226211820521D00C48EDD /* MagicalRecord+Actions.m in Sources */,
				696225BA18204FCB00C48EDD /* NSDate+RelativeString.m in Sources */,
				696225C618204FEB00C48EDD /* Cell.m in Sources */,
				6962261A1820521D00C48EDD /* NSManagedObjectContext+MagicalObserving.m in Sources */,
				696226261820521D00C48EDD /* MagicalRecord+ShorthandSupport.m in Sources */,
				6962260E1820521D00C48EDD /* MagicalImportFunctions.m in Sources */,
				696226171820521D00C48EDD /* NSManagedObject+MagicalFinders.m in Sources */,
				696226161820521D00C48EDD /* NSManagedObject+MagicalDataImport.m in Sources */,
			);
			runOnlyForDeploymentPostprocessing = 0;
		};
		6962258718204B9600C48EDD /* Sources */ = {
			isa = PBXSourcesBuildPhase;
			buildActionMask = 2147483647;
			files = (
				6962259A18204B9600C48EDD /* NemoTests.m in Sources */,
			);
			runOnlyForDeploymentPostprocessing = 0;
		};
/* End PBXSourcesBuildPhase section */

/* Begin PBXTargetDependency section */
		6962259218204B9600C48EDD /* PBXTargetDependency */ = {
			isa = PBXTargetDependency;
			target = 6962256118204B9600C48EDD /* Nemo */;
			targetProxy = 6962259118204B9600C48EDD /* PBXContainerItemProxy */;
		};
/* End PBXTargetDependency section */

/* Begin PBXVariantGroup section */
		6962257018204B9600C48EDD /* InfoPlist.strings */ = {
			isa = PBXVariantGroup;
			children = (
				6962257118204B9600C48EDD /* en */,
			);
			name = InfoPlist.strings;
			sourceTree = "<group>";
		};
		6962257918204B9600C48EDD /* Main.storyboard */ = {
			isa = PBXVariantGroup;
			children = (
				6962257A18204B9600C48EDD /* Base */,
			);
			name = Main.storyboard;
			sourceTree = "<group>";
		};
		6962259618204B9600C48EDD /* InfoPlist.strings */ = {
			isa = PBXVariantGroup;
			children = (
				6962259718204B9600C48EDD /* en */,
			);
			name = InfoPlist.strings;
			sourceTree = "<group>";
		};
/* End PBXVariantGroup section */

/* Begin XCBuildConfiguration section */
		6962259B18204B9600C48EDD /* Debug */ = {
			isa = XCBuildConfiguration;
			buildSettings = {
				ALWAYS_SEARCH_USER_PATHS = NO;
				ARCHS = "$(ARCHS_STANDARD_INCLUDING_64_BIT)";
				CLANG_CXX_LANGUAGE_STANDARD = "gnu++0x";
				CLANG_CXX_LIBRARY = "libc++";
				CLANG_ENABLE_MODULES = YES;
				CLANG_ENABLE_OBJC_ARC = YES;
				CLANG_WARN_BOOL_CONVERSION = YES;
				CLANG_WARN_CONSTANT_CONVERSION = YES;
				CLANG_WARN_DIRECT_OBJC_ISA_USAGE = YES_ERROR;
				CLANG_WARN_EMPTY_BODY = YES;
				CLANG_WARN_ENUM_CONVERSION = YES;
				CLANG_WARN_INT_CONVERSION = YES;
				CLANG_WARN_OBJC_ROOT_CLASS = YES_ERROR;
				CLANG_WARN__DUPLICATE_METHOD_MATCH = YES;
				"CODE_SIGN_IDENTITY[sdk=iphoneos*]" = "iPhone Developer";
				COPY_PHASE_STRIP = NO;
				GCC_C_LANGUAGE_STANDARD = gnu99;
				GCC_DYNAMIC_NO_PIC = NO;
				GCC_OPTIMIZATION_LEVEL = 0;
				GCC_PREPROCESSOR_DEFINITIONS = (
					"DEBUG=1",
					"$(inherited)",
				);
				GCC_SYMBOLS_PRIVATE_EXTERN = NO;
				GCC_WARN_64_TO_32_BIT_CONVERSION = YES;
				GCC_WARN_ABOUT_RETURN_TYPE = YES_ERROR;
				GCC_WARN_UNDECLARED_SELECTOR = YES;
				GCC_WARN_UNINITIALIZED_AUTOS = YES;
				GCC_WARN_UNUSED_FUNCTION = YES;
				GCC_WARN_UNUSED_VARIABLE = YES;
				IPHONEOS_DEPLOYMENT_TARGET = 7.0;
				ONLY_ACTIVE_ARCH = YES;
				SDKROOT = iphoneos;
			};
			name = Debug;
		};
		6962259C18204B9600C48EDD /* Release */ = {
			isa = XCBuildConfiguration;
			buildSettings = {
				ALWAYS_SEARCH_USER_PATHS = NO;
				ARCHS = "$(ARCHS_STANDARD_INCLUDING_64_BIT)";
				CLANG_CXX_LANGUAGE_STANDARD = "gnu++0x";
				CLANG_CXX_LIBRARY = "libc++";
				CLANG_ENABLE_MODULES = YES;
				CLANG_ENABLE_OBJC_ARC = YES;
				CLANG_WARN_BOOL_CONVERSION = YES;
				CLANG_WARN_CONSTANT_CONVERSION = YES;
				CLANG_WARN_DIRECT_OBJC_ISA_USAGE = YES_ERROR;
				CLANG_WARN_EMPTY_BODY = YES;
				CLANG_WARN_ENUM_CONVERSION = YES;
				CLANG_WARN_INT_CONVERSION = YES;
				CLANG_WARN_OBJC_ROOT_CLASS = YES_ERROR;
				CLANG_WARN__DUPLICATE_METHOD_MATCH = YES;
				"CODE_SIGN_IDENTITY[sdk=iphoneos*]" = "iPhone Developer";
				COPY_PHASE_STRIP = YES;
				ENABLE_NS_ASSERTIONS = NO;
				GCC_C_LANGUAGE_STANDARD = gnu99;
				GCC_WARN_64_TO_32_BIT_CONVERSION = YES;
				GCC_WARN_ABOUT_RETURN_TYPE = YES_ERROR;
				GCC_WARN_UNDECLARED_SELECTOR = YES;
				GCC_WARN_UNINITIALIZED_AUTOS = YES;
				GCC_WARN_UNUSED_FUNCTION = YES;
				GCC_WARN_UNUSED_VARIABLE = YES;
				IPHONEOS_DEPLOYMENT_TARGET = 7.0;
				SDKROOT = iphoneos;
				VALIDATE_PRODUCT = YES;
			};
			name = Release;
		};
		6962259E18204B9600C48EDD /* Debug */ = {
			isa = XCBuildConfiguration;
			buildSettings = {
				ASSETCATALOG_COMPILER_APPICON_NAME = AppIcon;
				ASSETCATALOG_COMPILER_LAUNCHIMAGE_NAME = LaunchImage;
				GCC_PRECOMPILE_PREFIX_HEADER = YES;
				GCC_PREFIX_HEADER = "Nemo/Nemo-Prefix.pch";
				INFOPLIST_FILE = "Nemo/Nemo-Info.plist";
				PRODUCT_NAME = "$(TARGET_NAME)";
				WRAPPER_EXTENSION = app;
			};
			name = Debug;
		};
		6962259F18204B9600C48EDD /* Release */ = {
			isa = XCBuildConfiguration;
			buildSettings = {
				ASSETCATALOG_COMPILER_APPICON_NAME = AppIcon;
				ASSETCATALOG_COMPILER_LAUNCHIMAGE_NAME = LaunchImage;
				GCC_PRECOMPILE_PREFIX_HEADER = YES;
				GCC_PREFIX_HEADER = "Nemo/Nemo-Prefix.pch";
				INFOPLIST_FILE = "Nemo/Nemo-Info.plist";
				PRODUCT_NAME = "$(TARGET_NAME)";
				WRAPPER_EXTENSION = app;
			};
			name = Release;
		};
		696225A118204B9600C48EDD /* Debug */ = {
			isa = XCBuildConfiguration;
			buildSettings = {
				ARCHS = "$(ARCHS_STANDARD_INCLUDING_64_BIT)";
				BUNDLE_LOADER = "$(BUILT_PRODUCTS_DIR)/Nemo.app/Nemo";
				FRAMEWORK_SEARCH_PATHS = (
					"$(SDKROOT)/Developer/Library/Frameworks",
					"$(inherited)",
					"$(DEVELOPER_FRAMEWORKS_DIR)",
				);
				GCC_PRECOMPILE_PREFIX_HEADER = YES;
				GCC_PREFIX_HEADER = "Nemo/Nemo-Prefix.pch";
				GCC_PREPROCESSOR_DEFINITIONS = (
					"DEBUG=1",
					"$(inherited)",
				);
				INFOPLIST_FILE = "NemoTests/NemoTests-Info.plist";
				PRODUCT_NAME = "$(TARGET_NAME)";
				TEST_HOST = "$(BUNDLE_LOADER)";
				WRAPPER_EXTENSION = xctest;
			};
			name = Debug;
		};
		696225A218204B9600C48EDD /* Release */ = {
			isa = XCBuildConfiguration;
			buildSettings = {
				ARCHS = "$(ARCHS_STANDARD_INCLUDING_64_BIT)";
				BUNDLE_LOADER = "$(BUILT_PRODUCTS_DIR)/Nemo.app/Nemo";
				FRAMEWORK_SEARCH_PATHS = (
					"$(SDKROOT)/Developer/Library/Frameworks",
					"$(inherited)",
					"$(DEVELOPER_FRAMEWORKS_DIR)",
				);
				GCC_PRECOMPILE_PREFIX_HEADER = YES;
				GCC_PREFIX_HEADER = "Nemo/Nemo-Prefix.pch";
				INFOPLIST_FILE = "NemoTests/NemoTests-Info.plist";
				PRODUCT_NAME = "$(TARGET_NAME)";
				TEST_HOST = "$(BUNDLE_LOADER)";
				WRAPPER_EXTENSION = xctest;
			};
			name = Release;
		};
/* End XCBuildConfiguration section */

/* Begin XCConfigurationList section */
		6962255D18204B9600C48EDD /* Build configuration list for PBXProject "Nemo" */ = {
			isa = XCConfigurationList;
			buildConfigurations = (
				6962259B18204B9600C48EDD /* Debug */,
				6962259C18204B9600C48EDD /* Release */,
			);
			defaultConfigurationIsVisible = 0;
			defaultConfigurationName = Release;
		};
		6962259D18204B9600C48EDD /* Build configuration list for PBXNativeTarget "Nemo" */ = {
			isa = XCConfigurationList;
			buildConfigurations = (
				6962259E18204B9600C48EDD /* Debug */,
				6962259F18204B9600C48EDD /* Release */,
			);
			defaultConfigurationIsVisible = 0;
			defaultConfigurationName = Release;
		};
		696225A018204B9600C48EDD /* Build configuration list for PBXNativeTarget "NemoTests" */ = {
			isa = XCConfigurationList;
			buildConfigurations = (
				696225A118204B9600C48EDD /* Debug */,
				696225A218204B9600C48EDD /* Release */,
			);
			defaultConfigurationIsVisible = 0;
			defaultConfigurationName = Release;
		};
/* End XCConfigurationList section */

/* Begin XCVersionGroup section */
		6962257C18204B9600C48EDD /* Nemo.xcdatamodeld */ = {
			isa = XCVersionGroup;
			children = (
				6962257D18204B9600C48EDD /* Nemo.xcdatamodel */,
			);
			currentVersion = 6962257D18204B9600C48EDD /* Nemo.xcdatamodel */;
			path = Nemo.xcdatamodeld;
			sourceTree = "<group>";
			versionGroupType = wrapper.xcdatamodel;
		};
/* End XCVersionGroup section */
	};
	rootObject = 6962255A18204B9600C48EDD /* Project object */;
}
